
Microsoft Visual Studio Solution File, Format Version 12.00
# Visual Studio 2013
VisualStudioVersion = 12.0.21005.1
MinimumVisualStudioVersion = 10.0.40219.1
Project("{FAE04EC0-301F-11D3-BF4B-00C04F79EFBC}") = "GUI", "GUI\GUI.csproj", "{0A417F1D-44F3-4805-8B12-FD2D92CD3BB3}"
EndProject
Global
	GlobalSection(SolutionConfigurationPlatforms) = preSolution
		Debug|Any CPU = Debug|Any CPU
		Release|Any CPU = Release|Any CPU
	EndGlobalSection
	GlobalSection(ProjectConfigurationPlatforms) = postSolution
		{0A417F1D-44F3-4805-8B12-FD2D92CD3BB3}.Debug|Any CPU.ActiveCfg = Debug|Any CPU
		{0A417F1D-44F3-4805-8B12-FD2D92CD3BB3}.Debug|Any CPU.Build.0 = Debug|Any CPU
		{0A417F1D-44F3-4805-8B12-FD2D92CD3BB3}.Release|Any CPU.ActiveCfg = Release|Any CPU
		{0A417F1D-44F3-4805-8B12-FD2D92CD3BB3}.Release|Any CPU.Build.0 = Release|Any CPU
	EndGlobalSection
	GlobalSection(SolutionProperties) = preSolution
		HideSolutionNode = FALSE
	EndGlobalSection
EndGlobal
